// !$*UTF8*$!
{
	archiveVersion = 1;
	classes = {
	};
	objectVersion = 48;
	objects = {

/* Begin PBXBuildFile section */
		002462B920E08DC700BBBD99 /* UMSocialSDKResources.bundle in Resources */ = {isa = PBXBuildFile; fileRef = 0024629E20E08DC700BBBD99 /* UMSocialSDKResources.bundle */; };
		002462BA20E08DC700BBBD99 /* UShareUI.framework in Frameworks */ = {isa = PBXBuildFile; fileRef = 0024629F20E08DC700BBBD99 /* UShareUI.framework */; };
		002462BB20E08DC700BBBD99 /* UMShare.framework in Frameworks */ = {isa = PBXBuildFile; fileRef = 002462A020E08DC700BBBD99 /* UMShare.framework */; };
		002462BC20E08DC700BBBD99 /* libSocialWeChat.a in Frameworks */ = {isa = PBXBuildFile; fileRef = 002462A320E08DC700BBBD99 /* libSocialWeChat.a */; };
		002462BD20E08DC700BBBD99 /* libSocialOfficialWeChat.a in Frameworks */ = {isa = PBXBuildFile; fileRef = 002462A620E08DC700BBBD99 /* libSocialOfficialWeChat.a */; };
		002462BE20E08DC700BBBD99 /* README.txt in Resources */ = {isa = PBXBuildFile; fileRef = 002462A920E08DC700BBBD99 /* README.txt */; };
		002462BF20E08DC700BBBD99 /* libWeChatSDK.a in Frameworks */ = {isa = PBXBuildFile; fileRef = 002462AB20E08DC700BBBD99 /* libWeChatSDK.a */; };
		002462C020E08DC700BBBD99 /* libSocialSina.a in Frameworks */ = {isa = PBXBuildFile; fileRef = 002462AD20E08DC700BBBD99 /* libSocialSina.a */; };
		002462C120E08DC700BBBD99 /* WeiboSDK.bundle in Resources */ = {isa = PBXBuildFile; fileRef = 002462B020E08DC700BBBD99 /* WeiboSDK.bundle */; };
		002462C220E08DC700BBBD99 /* libWeiboSDK.a in Frameworks */ = {isa = PBXBuildFile; fileRef = 002462B120E08DC700BBBD99 /* libWeiboSDK.a */; };
		002462C320E08DC700BBBD99 /* libSocialQQ.a in Frameworks */ = {isa = PBXBuildFile; fileRef = 002462B620E08DC700BBBD99 /* libSocialQQ.a */; };
		002462C420E08DC700BBBD99 /* TencentOpenAPI.framework in Frameworks */ = {isa = PBXBuildFile; fileRef = 002462B820E08DC700BBBD99 /* TencentOpenAPI.framework */; };
		002462C620E08DD600BBBD99 /* UMCommon.framework in Frameworks */ = {isa = PBXBuildFile; fileRef = 002462C520E08DD500BBBD99 /* UMCommon.framework */; };
		002462C820E08E4300BBBD99 /* Photos.framework in Frameworks */ = {isa = PBXBuildFile; fileRef = 002462C720E08E4300BBBD99 /* Photos.framework */; };
		00424E411F78A45500B35A37 /* libsqlite3.tbd in Frameworks */ = {isa = PBXBuildFile; fileRef = 00424E401F78A45400B35A37 /* libsqlite3.tbd */; };
		00424E431F78A45C00B35A37 /* CoreGraphics.framework in Frameworks */ = {isa = PBXBuildFile; fileRef = 00424E421F78A45C00B35A37 /* CoreGraphics.framework */; };
		00424E451F78A46500B35A37 /* SystemConfiguration.framework in Frameworks */ = {isa = PBXBuildFile; fileRef = 00424E441F78A46500B35A37 /* SystemConfiguration.framework */; };
		00424E471F78A46B00B35A37 /* CoreTelephony.framework in Frameworks */ = {isa = PBXBuildFile; fileRef = 00424E461F78A46B00B35A37 /* CoreTelephony.framework */; };
		00424E491F78A47200B35A37 /* libc++.tbd in Frameworks */ = {isa = PBXBuildFile; fileRef = 00424E481F78A47200B35A37 /* libc++.tbd */; };
		00424E4B1F78A47700B35A37 /* libz.tbd in Frameworks */ = {isa = PBXBuildFile; fileRef = 00424E4A1F78A47700B35A37 /* libz.tbd */; };
		00424E4D1F78A47E00B35A37 /* ImageIO.framework in Frameworks */ = {isa = PBXBuildFile; fileRef = 00424E4C1F78A47E00B35A37 /* ImageIO.framework */; };
		00424E501F78A4C000B35A37 /* FCShareManager.m in Sources */ = {isa = PBXBuildFile; fileRef = 00424E4F1F78A4C000B35A37 /* FCShareManager.m */; };
		00A32B6F1F789A7C00ED4B7C /* AppDelegate.m in Sources */ = {isa = PBXBuildFile; fileRef = 00A32B6E1F789A7C00ED4B7C /* AppDelegate.m */; };
		00A32B721F789A7C00ED4B7C /* ViewController.m in Sources */ = {isa = PBXBuildFile; fileRef = 00A32B711F789A7C00ED4B7C /* ViewController.m */; };
		00A32B751F789A7C00ED4B7C /* Main.storyboard in Resources */ = {isa = PBXBuildFile; fileRef = 00A32B731F789A7C00ED4B7C /* Main.storyboard */; };
		00A32B771F789A7C00ED4B7C /* Assets.xcassets in Resources */ = {isa = PBXBuildFile; fileRef = 00A32B761F789A7C00ED4B7C /* Assets.xcassets */; };
		00A32B7A1F789A7C00ED4B7C /* LaunchScreen.storyboard in Resources */ = {isa = PBXBuildFile; fileRef = 00A32B781F789A7C00ED4B7C /* LaunchScreen.storyboard */; };
		00A32B7D1F789A7C00ED4B7C /* main.m in Sources */ = {isa = PBXBuildFile; fileRef = 00A32B7C1F789A7C00ED4B7C /* main.m */; };
/* End PBXBuildFile section */

/* Begin PBXFileReference section */
		0024629E20E08DC700BBBD99 /* UMSocialSDKResources.bundle */ = {isa = PBXFileReference; lastKnownFileType = "wrapper.plug-in"; path = UMSocialSDKResources.bundle; sourceTree = "<group>"; };
		0024629F20E08DC700BBBD99 /* UShareUI.framework */ = {isa = PBXFileReference; lastKnownFileType = wrapper.framework; path = UShareUI.framework; sourceTree = "<group>"; };
		002462A020E08DC700BBBD99 /* UMShare.framework */ = {isa = PBXFileReference; lastKnownFileType = wrapper.framework; path = UMShare.framework; sourceTree = "<group>"; };
		002462A320E08DC700BBBD99 /* libSocialWeChat.a */ = {isa = PBXFileReference; lastKnownFileType = archive.ar; path = libSocialWeChat.a; sourceTree = "<group>"; };
		002462A420E08DC700BBBD99 /* UMSocialWechatHandler.h */ = {isa = PBXFileReference; fileEncoding = 4; lastKnownFileType = sourcecode.c.h; path = UMSocialWechatHandler.h; sourceTree = "<group>"; };
		002462A620E08DC700BBBD99 /* libSocialOfficialWeChat.a */ = {isa = PBXFileReference; lastKnownFileType = archive.ar; path = libSocialOfficialWeChat.a; sourceTree = "<group>"; };
		002462A720E08DC700BBBD99 /* WXApi.h */ = {isa = PBXFileReference; fileEncoding = 4; lastKnownFileType = sourcecode.c.h; path = WXApi.h; sourceTree = "<group>"; };
		002462A820E08DC700BBBD99 /* WXApiObject.h */ = {isa = PBXFileReference; fileEncoding = 4; lastKnownFileType = sourcecode.c.h; path = WXApiObject.h; sourceTree = "<group>"; };
		002462A920E08DC700BBBD99 /* README.txt */ = {isa = PBXFileReference; fileEncoding = 4; lastKnownFileType = text; path = README.txt; sourceTree = "<group>"; };
		002462AA20E08DC700BBBD99 /* WechatAuthSDK.h */ = {isa = PBXFileReference; fileEncoding = 4; lastKnownFileType = sourcecode.c.h; path = WechatAuthSDK.h; sourceTree = "<group>"; };
		002462AB20E08DC700BBBD99 /* libWeChatSDK.a */ = {isa = PBXFileReference; lastKnownFileType = archive.ar; path = libWeChatSDK.a; sourceTree = "<group>"; };
		002462AD20E08DC700BBBD99 /* libSocialSina.a */ = {isa = PBXFileReference; lastKnownFileType = archive.ar; path = libSocialSina.a; sourceTree = "<group>"; };
		002462AE20E08DC700BBBD99 /* UMSocialSinaHandler.h */ = {isa = PBXFileReference; fileEncoding = 4; lastKnownFileType = sourcecode.c.h; path = UMSocialSinaHandler.h; sourceTree = "<group>"; };
		002462B020E08DC700BBBD99 /* WeiboSDK.bundle */ = {isa = PBXFileReference; lastKnownFileType = "wrapper.plug-in"; path = WeiboSDK.bundle; sourceTree = "<group>"; };
		002462B120E08DC700BBBD99 /* libWeiboSDK.a */ = {isa = PBXFileReference; lastKnownFileType = archive.ar; path = libWeiboSDK.a; sourceTree = "<group>"; };
		002462B220E08DC700BBBD99 /* WBHttpRequest.h */ = {isa = PBXFileReference; fileEncoding = 4; lastKnownFileType = sourcecode.c.h; path = WBHttpRequest.h; sourceTree = "<group>"; };
		002462B320E08DC700BBBD99 /* WeiboSDK.h */ = {isa = PBXFileReference; fileEncoding = 4; lastKnownFileType = sourcecode.c.h; path = WeiboSDK.h; sourceTree = "<group>"; };
		002462B520E08DC700BBBD99 /* UMSocialQQHandler.h */ = {isa = PBXFileReference; fileEncoding = 4; lastKnownFileType = sourcecode.c.h; path = UMSocialQQHandler.h; sourceTree = "<group>"; };
		002462B620E08DC700BBBD99 /* libSocialQQ.a */ = {isa = PBXFileReference; lastKnownFileType = archive.ar; path = libSocialQQ.a; sourceTree = "<group>"; };
		002462B820E08DC700BBBD99 /* TencentOpenAPI.framework */ = {isa = PBXFileReference; lastKnownFileType = wrapper.framework; path = TencentOpenAPI.framework; sourceTree = "<group>"; };
		002462C520E08DD500BBBD99 /* UMCommon.framework */ = {isa = PBXFileReference; lastKnownFileType = wrapper.framework; path = UMCommon.framework; sourceTree = "<group>"; };
		002462C720E08E4300BBBD99 /* Photos.framework */ = {isa = PBXFileReference; lastKnownFileType = wrapper.framework; name = Photos.framework; path = System/Library/Frameworks/Photos.framework; sourceTree = SDKROOT; };
		00424E401F78A45400B35A37 /* libsqlite3.tbd */ = {isa = PBXFileReference; lastKnownFileType = "sourcecode.text-based-dylib-definition"; name = libsqlite3.tbd; path = usr/lib/libsqlite3.tbd; sourceTree = SDKROOT; };
		00424E421F78A45C00B35A37 /* CoreGraphics.framework */ = {isa = PBXFileReference; lastKnownFileType = wrapper.framework; name = CoreGraphics.framework; path = System/Library/Frameworks/CoreGraphics.framework; sourceTree = SDKROOT; };
		00424E441F78A46500B35A37 /* SystemConfiguration.framework */ = {isa = PBXFileReference; lastKnownFileType = wrapper.framework; name = SystemConfiguration.framework; path = System/Library/Frameworks/SystemConfiguration.framework; sourceTree = SDKROOT; };
		00424E461F78A46B00B35A37 /* CoreTelephony.framework */ = {isa = PBXFileReference; lastKnownFileType = wrapper.framework; name = CoreTelephony.framework; path = System/Library/Frameworks/CoreTelephony.framework; sourceTree = SDKROOT; };
		00424E481F78A47200B35A37 /* libc++.tbd */ = {isa = PBXFileReference; lastKnownFileType = "sourcecode.text-based-dylib-definition"; name = "libc++.tbd"; path = "usr/lib/libc++.tbd"; sourceTree = SDKROOT; };
		00424E4A1F78A47700B35A37 /* libz.tbd */ = {isa = PBXFileReference; lastKnownFileType = "sourcecode.text-based-dylib-definition"; name = libz.tbd; path = usr/lib/libz.tbd; sourceTree = SDKROOT; };
		00424E4C1F78A47E00B35A37 /* ImageIO.framework */ = {isa = PBXFileReference; lastKnownFileType = wrapper.framework; name = ImageIO.framework; path = System/Library/Frameworks/ImageIO.framework; sourceTree = SDKROOT; };
		00424E4E1F78A4BF00B35A37 /* FCShareManager.h */ = {isa = PBXFileReference; lastKnownFileType = sourcecode.c.h; path = FCShareManager.h; sourceTree = "<group>"; };
		00424E4F1F78A4C000B35A37 /* FCShareManager.m */ = {isa = PBXFileReference; lastKnownFileType = sourcecode.c.objc; path = FCShareManager.m; sourceTree = "<group>"; };
		00A32B6A1F789A7C00ED4B7C /* FCShareManager.app */ = {isa = PBXFileReference; explicitFileType = wrapper.application; includeInIndex = 0; path = FCShareManager.app; sourceTree = BUILT_PRODUCTS_DIR; };
		00A32B6D1F789A7C00ED4B7C /* AppDelegate.h */ = {isa = PBXFileReference; lastKnownFileType = sourcecode.c.h; path = AppDelegate.h; sourceTree = "<group>"; };
		00A32B6E1F789A7C00ED4B7C /* AppDelegate.m */ = {isa = PBXFileReference; lastKnownFileType = sourcecode.c.objc; path = AppDelegate.m; sourceTree = "<group>"; };
		00A32B701F789A7C00ED4B7C /* ViewController.h */ = {isa = PBXFileReference; lastKnownFileType = sourcecode.c.h; path = ViewController.h; sourceTree = "<group>"; };
		00A32B711F789A7C00ED4B7C /* ViewController.m */ = {isa = PBXFileReference; lastKnownFileType = sourcecode.c.objc; path = ViewController.m; sourceTree = "<group>"; };
		00A32B741F789A7C00ED4B7C /* Base */ = {isa = PBXFileReference; lastKnownFileType = file.storyboard; name = Base; path = Base.lproj/Main.storyboard; sourceTree = "<group>"; };
		00A32B761F789A7C00ED4B7C /* Assets.xcassets */ = {isa = PBXFileReference; lastKnownFileType = folder.assetcatalog; path = Assets.xcassets; sourceTree = "<group>"; };
		00A32B791F789A7C00ED4B7C /* Base */ = {isa = PBXFileReference; lastKnownFileType = file.storyboard; name = Base; path = Base.lproj/LaunchScreen.storyboard; sourceTree = "<group>"; };
		00A32B7B1F789A7C00ED4B7C /* Info.plist */ = {isa = PBXFileReference; lastKnownFileType = text.plist.xml; path = Info.plist; sourceTree = "<group>"; };
		00A32B7C1F789A7C00ED4B7C /* main.m */ = {isa = PBXFileReference; lastKnownFileType = sourcecode.c.objc; path = main.m; sourceTree = "<group>"; };
/* End PBXFileReference section */

/* Begin PBXFrameworksBuildPhase section */
		00A32B671F789A7C00ED4B7C /* Frameworks */ = {
			isa = PBXFrameworksBuildPhase;
			buildActionMask = 2147483647;
			files = (
				002462C820E08E4300BBBD99 /* Photos.framework in Frameworks */,
				002462C320E08DC700BBBD99 /* libSocialQQ.a in Frameworks */,
				002462C420E08DC700BBBD99 /* TencentOpenAPI.framework in Frameworks */,
				002462C020E08DC700BBBD99 /* libSocialSina.a in Frameworks */,
				00424E4D1F78A47E00B35A37 /* ImageIO.framework in Frameworks */,
				002462BB20E08DC700BBBD99 /* UMShare.framework in Frameworks */,
				002462C620E08DD600BBBD99 /* UMCommon.framework in Frameworks */,
				002462C220E08DC700BBBD99 /* libWeiboSDK.a in Frameworks */,
				002462BF20E08DC700BBBD99 /* libWeChatSDK.a in Frameworks */,
				00424E4B1F78A47700B35A37 /* libz.tbd in Frameworks */,
				00424E491F78A47200B35A37 /* libc++.tbd in Frameworks */,
				00424E471F78A46B00B35A37 /* CoreTelephony.framework in Frameworks */,
				002462BA20E08DC700BBBD99 /* UShareUI.framework in Frameworks */,
				002462BC20E08DC700BBBD99 /* libSocialWeChat.a in Frameworks */,
				00424E451F78A46500B35A37 /* SystemConfiguration.framework in Frameworks */,
				00424E431F78A45C00B35A37 /* CoreGraphics.framework in Frameworks */,
				00424E411F78A45500B35A37 /* libsqlite3.tbd in Frameworks */,
				002462BD20E08DC700BBBD99 /* libSocialOfficialWeChat.a in Frameworks */,
			);
			runOnlyForDeploymentPostprocessing = 0;
		};
/* End PBXFrameworksBuildPhase section */

/* Begin PBXGroup section */
		0024629B20E08DA200BBBD99 /* UMeng */ = {
			isa = PBXGroup;
			children = (
				002462C520E08DD500BBBD99 /* UMCommon.framework */,
				0024629C20E08DC700BBBD99 /* share_ios_6.9.3 */,
			);
			path = UMeng;
			sourceTree = "<group>";
		};
		0024629C20E08DC700BBBD99 /* share_ios_6.9.3 */ = {
			isa = PBXGroup;
			children = (
				0024629D20E08DC700BBBD99 /* UMSocialUI */,
				002462A020E08DC700BBBD99 /* UMShare.framework */,
				002462A120E08DC700BBBD99 /* SocialLibraries */,
			);
			path = share_ios_6.9.3;
			sourceTree = "<group>";
		};
		0024629D20E08DC700BBBD99 /* UMSocialUI */ = {
			isa = PBXGroup;
			children = (
				0024629E20E08DC700BBBD99 /* UMSocialSDKResources.bundle */,
				0024629F20E08DC700BBBD99 /* UShareUI.framework */,
			);
			path = UMSocialUI;
			sourceTree = "<group>";
		};
		002462A120E08DC700BBBD99 /* SocialLibraries */ = {
			isa = PBXGroup;
			children = (
				002462A220E08DC700BBBD99 /* WeChat */,
				002462AC20E08DC700BBBD99 /* Sina */,
				002462B420E08DC700BBBD99 /* QQ */,
			);
			path = SocialLibraries;
			sourceTree = "<group>";
		};
		002462A220E08DC700BBBD99 /* WeChat */ = {
			isa = PBXGroup;
			children = (
				002462A320E08DC700BBBD99 /* libSocialWeChat.a */,
				002462A420E08DC700BBBD99 /* UMSocialWechatHandler.h */,
				002462A520E08DC700BBBD99 /* WechatSDK */,
			);
			path = WeChat;
			sourceTree = "<group>";
		};
		002462A520E08DC700BBBD99 /* WechatSDK */ = {
			isa = PBXGroup;
			children = (
				002462A620E08DC700BBBD99 /* libSocialOfficialWeChat.a */,
				002462A720E08DC700BBBD99 /* WXApi.h */,
				002462A820E08DC700BBBD99 /* WXApiObject.h */,
				002462A920E08DC700BBBD99 /* README.txt */,
				002462AA20E08DC700BBBD99 /* WechatAuthSDK.h */,
				002462AB20E08DC700BBBD99 /* libWeChatSDK.a */,
			);
			path = WechatSDK;
			sourceTree = "<group>";
		};
		002462AC20E08DC700BBBD99 /* Sina */ = {
			isa = PBXGroup;
			children = (
				002462AD20E08DC700BBBD99 /* libSocialSina.a */,
				002462AE20E08DC700BBBD99 /* UMSocialSinaHandler.h */,
				002462AF20E08DC700BBBD99 /* SinaSDK */,
			);
			path = Sina;
			sourceTree = "<group>";
		};
		002462AF20E08DC700BBBD99 /* SinaSDK */ = {
			isa = PBXGroup;
			children = (
				002462B020E08DC700BBBD99 /* WeiboSDK.bundle */,
				002462B120E08DC700BBBD99 /* libWeiboSDK.a */,
				002462B220E08DC700BBBD99 /* WBHttpRequest.h */,
				002462B320E08DC700BBBD99 /* WeiboSDK.h */,
			);
			path = SinaSDK;
			sourceTree = "<group>";
		};
		002462B420E08DC700BBBD99 /* QQ */ = {
			isa = PBXGroup;
			children = (
				002462B520E08DC700BBBD99 /* UMSocialQQHandler.h */,
				002462B620E08DC700BBBD99 /* libSocialQQ.a */,
				002462B720E08DC700BBBD99 /* QQSDK */,
			);
			path = QQ;
			sourceTree = "<group>";
		};
		002462B720E08DC700BBBD99 /* QQSDK */ = {
			isa = PBXGroup;
			children = (
				002462B820E08DC700BBBD99 /* TencentOpenAPI.framework */,
			);
			path = QQSDK;
			sourceTree = "<group>";
		};
		00424E3F1F78A45400B35A37 /* Frameworks */ = {
			isa = PBXGroup;
			children = (
				002462C720E08E4300BBBD99 /* Photos.framework */,
				00424E4C1F78A47E00B35A37 /* ImageIO.framework */,
				00424E4A1F78A47700B35A37 /* libz.tbd */,
				00424E481F78A47200B35A37 /* libc++.tbd */,
				00424E461F78A46B00B35A37 /* CoreTelephony.framework */,
				00424E441F78A46500B35A37 /* SystemConfiguration.framework */,
				00424E421F78A45C00B35A37 /* CoreGraphics.framework */,
				00424E401F78A45400B35A37 /* libsqlite3.tbd */,
			);
			name = Frameworks;
			sourceTree = "<group>";
		};
		00A32B611F789A7C00ED4B7C = {
			isa = PBXGroup;
			children = (
				00A32B6C1F789A7C00ED4B7C /* FCShareManager */,
				00A32B6B1F789A7C00ED4B7C /* Products */,
				00424E3F1F78A45400B35A37 /* Frameworks */,
			);
			sourceTree = "<group>";
		};
		00A32B6B1F789A7C00ED4B7C /* Products */ = {
			isa = PBXGroup;
			children = (
				00A32B6A1F789A7C00ED4B7C /* FCShareManager.app */,
			);
			name = Products;
			sourceTree = "<group>";
		};
		00A32B6C1F789A7C00ED4B7C /* FCShareManager */ = {
			isa = PBXGroup;
			children = (
				0024629B20E08DA200BBBD99 /* UMeng */,
				00A32B6D1F789A7C00ED4B7C /* AppDelegate.h */,
				00A32B6E1F789A7C00ED4B7C /* AppDelegate.m */,
				00A32B701F789A7C00ED4B7C /* ViewController.h */,
				00A32B711F789A7C00ED4B7C /* ViewController.m */,
				00424E4E1F78A4BF00B35A37 /* FCShareManager.h */,
				00424E4F1F78A4C000B35A37 /* FCShareManager.m */,
				00A32B731F789A7C00ED4B7C /* Main.storyboard */,
				00A32B761F789A7C00ED4B7C /* Assets.xcassets */,
				00A32B781F789A7C00ED4B7C /* LaunchScreen.storyboard */,
				00A32B7B1F789A7C00ED4B7C /* Info.plist */,
				00A32B7C1F789A7C00ED4B7C /* main.m */,
			);
			path = FCShareManager;
			sourceTree = "<group>";
		};
/* End PBXGroup section */

/* Begin PBXNativeTarget section */
		00A32B691F789A7C00ED4B7C /* FCShareManager */ = {
			isa = PBXNativeTarget;
			buildConfigurationList = 00A32B801F789A7C00ED4B7C /* Build configuration list for PBXNativeTarget "FCShareManager" */;
			buildPhases = (
				00A32B661F789A7C00ED4B7C /* Sources */,
				00A32B671F789A7C00ED4B7C /* Frameworks */,
				00A32B681F789A7C00ED4B7C /* Resources */,
			);
			buildRules = (
			);
			dependencies = (
			);
			name = FCShareManager;
			productName = FCShareManager;
			productReference = 00A32B6A1F789A7C00ED4B7C /* FCShareManager.app */;
			productType = "com.apple.product-type.application";
		};
/* End PBXNativeTarget section */

/* Begin PBXProject section */
		00A32B621F789A7C00ED4B7C /* Project object */ = {
			isa = PBXProject;
			attributes = {
				LastUpgradeCheck = 0900;
				ORGANIZATIONNAME = fanchuan;
				TargetAttributes = {
					00A32B691F789A7C00ED4B7C = {
						CreatedOnToolsVersion = 9.0;
						ProvisioningStyle = Manual;
					};
				};
			};
			buildConfigurationList = 00A32B651F789A7C00ED4B7C /* Build configuration list for PBXProject "FCShareManager" */;
			compatibilityVersion = "Xcode 8.0";
			developmentRegion = en;
			hasScannedForEncodings = 0;
			knownRegions = (
				en,
				Base,
			);
			mainGroup = 00A32B611F789A7C00ED4B7C;
			productRefGroup = 00A32B6B1F789A7C00ED4B7C /* Products */;
			projectDirPath = "";
			projectRoot = "";
			targets = (
				00A32B691F789A7C00ED4B7C /* FCShareManager */,
			);
		};
/* End PBXProject section */

/* Begin PBXResourcesBuildPhase section */
		00A32B681F789A7C00ED4B7C /* Resources */ = {
			isa = PBXResourcesBuildPhase;
			buildActionMask = 2147483647;
			files = (
				00A32B7A1F789A7C00ED4B7C /* LaunchScreen.storyboard in Resources */,
				002462B920E08DC700BBBD99 /* UMSocialSDKResources.bundle in Resources */,
				00A32B771F789A7C00ED4B7C /* Assets.xcassets in Resources */,
				00A32B751F789A7C00ED4B7C /* Main.storyboard in Resources */,
				002462BE20E08DC700BBBD99 /* README.txt in Resources */,
				002462C120E08DC700BBBD99 /* WeiboSDK.bundle in Resources */,
			);
			runOnlyForDeploymentPostprocessing = 0;
		};
/* End PBXResourcesBuildPhase section */

/* Begin PBXSourcesBuildPhase section */
		00A32B661F789A7C00ED4B7C /* Sources */ = {
			isa = PBXSourcesBuildPhase;
			buildActionMask = 2147483647;
			files = (
				00A32B721F789A7C00ED4B7C /* ViewController.m in Sources */,
				00A32B7D1F789A7C00ED4B7C /* main.m in Sources */,
				00424E501F78A4C000B35A37 /* FCShareManager.m in Sources */,
				00A32B6F1F789A7C00ED4B7C /* AppDelegate.m in Sources */,
			);
			runOnlyForDeploymentPostprocessing = 0;
		};
/* End PBXSourcesBuildPhase section */

/* Begin PBXVariantGroup section */
		00A32B731F789A7C00ED4B7C /* Main.storyboard */ = {
			isa = PBXVariantGroup;
			children = (
				00A32B741F789A7C00ED4B7C /* Base */,
			);
			name = Main.storyboard;
			sourceTree = "<group>";
		};
		00A32B781F789A7C00ED4B7C /* LaunchScreen.storyboard */ = {
			isa = PBXVariantGroup;
			children = (
				00A32B791F789A7C00ED4B7C /* Base */,
			);
			name = LaunchScreen.storyboard;
			sourceTree = "<group>";
		};
/* End PBXVariantGroup section */

/* Begin XCBuildConfiguration section */
		00A32B7E1F789A7C00ED4B7C /* Debug */ = {
			isa = XCBuildConfiguration;
			buildSettings = {
				ALWAYS_SEARCH_USER_PATHS = NO;
				CLANG_ANALYZER_NONNULL = YES;
				CLANG_ANALYZER_NUMBER_OBJECT_CONVERSION = YES_AGGRESSIVE;
				CLANG_CXX_LANGUAGE_STANDARD = "gnu++14";
				CLANG_CXX_LIBRARY = "libc++";
				CLANG_ENABLE_MODULES = YES;
				CLANG_ENABLE_OBJC_ARC = YES;
				CLANG_WARN_BLOCK_CAPTURE_AUTORELEASING = YES;
				CLANG_WARN_BOOL_CONVERSION = YES;
				CLANG_WARN_COMMA = YES;
				CLANG_WARN_CONSTANT_CONVERSION = YES;
				CLANG_WARN_DIRECT_OBJC_ISA_USAGE = YES_ERROR;
				CLANG_WARN_DOCUMENTATION_COMMENTS = YES;
				CLANG_WARN_EMPTY_BODY = YES;
				CLANG_WARN_ENUM_CONVERSION = YES;
				CLANG_WARN_INFINITE_RECURSION = YES;
				CLANG_WARN_INT_CONVERSION = YES;
				CLANG_WARN_NON_LITERAL_NULL_CONVERSION = YES;
				CLANG_WARN_OBJC_LITERAL_CONVERSION = YES;
				CLANG_WARN_OBJC_ROOT_CLASS = YES_ERROR;
				CLANG_WARN_RANGE_LOOP_ANALYSIS = YES;
				CLANG_WARN_STRICT_PROTOTYPES = YES;
				CLANG_WARN_SUSPICIOUS_MOVE = YES;
				CLANG_WARN_UNGUARDED_AVAILABILITY = YES_AGGRESSIVE;
				CLANG_WARN_UNREACHABLE_CODE = YES;
				CLANG_WARN__DUPLICATE_METHOD_MATCH = YES;
				CODE_SIGN_IDENTITY = "iPhone Developer";
				COPY_PHASE_STRIP = NO;
				DEBUG_INFORMATION_FORMAT = dwarf;
				ENABLE_STRICT_OBJC_MSGSEND = YES;
				ENABLE_TESTABILITY = YES;
				GCC_C_LANGUAGE_STANDARD = gnu11;
				GCC_DYNAMIC_NO_PIC = NO;
				GCC_NO_COMMON_BLOCKS = YES;
				GCC_OPTIMIZATION_LEVEL = 0;
				GCC_PREPROCESSOR_DEFINITIONS = (
					"DEBUG=1",
					"$(inherited)",
				);
				GCC_WARN_64_TO_32_BIT_CONVERSION = YES;
				GCC_WARN_ABOUT_RETURN_TYPE = YES_ERROR;
				GCC_WARN_UNDECLARED_SELECTOR = YES;
				GCC_WARN_UNINITIALIZED_AUTOS = YES_AGGRESSIVE;
				GCC_WARN_UNUSED_FUNCTION = YES;
				GCC_WARN_UNUSED_VARIABLE = YES;
				IPHONEOS_DEPLOYMENT_TARGET = 11.0;
				MTL_ENABLE_DEBUG_INFO = YES;
				ONLY_ACTIVE_ARCH = YES;
				SDKROOT = iphoneos;
			};
			name = Debug;
		};
		00A32B7F1F789A7C00ED4B7C /* Release */ = {
			isa = XCBuildConfiguration;
			buildSettings = {
				ALWAYS_SEARCH_USER_PATHS = NO;
				CLANG_ANALYZER_NONNULL = YES;
				CLANG_ANALYZER_NUMBER_OBJECT_CONVERSION = YES_AGGRESSIVE;
				CLANG_CXX_LANGUAGE_STANDARD = "gnu++14";
				CLANG_CXX_LIBRARY = "libc++";
				CLANG_ENABLE_MODULES = YES;
				CLANG_ENABLE_OBJC_ARC = YES;
				CLANG_WARN_BLOCK_CAPTURE_AUTORELEASING = YES;
				CLANG_WARN_BOOL_CONVERSION = YES;
				CLANG_WARN_COMMA = YES;
				CLANG_WARN_CONSTANT_CONVERSION = YES;
				CLANG_WARN_DIRECT_OBJC_ISA_USAGE = YES_ERROR;
				CLANG_WARN_DOCUMENTATION_COMMENTS = YES;
				CLANG_WARN_EMPTY_BODY = YES;
				CLANG_WARN_ENUM_CONVERSION = YES;
				CLANG_WARN_INFINITE_RECURSION = YES;
				CLANG_WARN_INT_CONVERSION = YES;
				CLANG_WARN_NON_LITERAL_NULL_CONVERSION = YES;
				CLANG_WARN_OBJC_LITERAL_CONVERSION = YES;
				CLANG_WARN_OBJC_ROOT_CLASS = YES_ERROR;
				CLANG_WARN_RANGE_LOOP_ANALYSIS = YES;
				CLANG_WARN_STRICT_PROTOTYPES = YES;
				CLANG_WARN_SUSPICIOUS_MOVE = YES;
				CLANG_WARN_UNGUARDED_AVAILABILITY = YES_AGGRESSIVE;
				CLANG_WARN_UNREACHABLE_CODE = YES;
				CLANG_WARN__DUPLICATE_METHOD_MATCH = YES;
				CODE_SIGN_IDENTITY = "iPhone Developer";
				COPY_PHASE_STRIP = NO;
				DEBUG_INFORMATION_FORMAT = "dwarf-with-dsym";
				ENABLE_NS_ASSERTIONS = NO;
				ENABLE_STRICT_OBJC_MSGSEND = YES;
				GCC_C_LANGUAGE_STANDARD = gnu11;
				GCC_NO_COMMON_BLOCKS = YES;
				GCC_WARN_64_TO_32_BIT_CONVERSION = YES;
				GCC_WARN_ABOUT_RETURN_TYPE = YES_ERROR;
				GCC_WARN_UNDECLARED_SELECTOR = YES;
				GCC_WARN_UNINITIALIZED_AUTOS = YES_AGGRESSIVE;
				GCC_WARN_UNUSED_FUNCTION = YES;
				GCC_WARN_UNUSED_VARIABLE = YES;
				IPHONEOS_DEPLOYMENT_TARGET = 11.0;
				MTL_ENABLE_DEBUG_INFO = NO;
				SDKROOT = iphoneos;
				VALIDATE_PRODUCT = YES;
			};
			name = Release;
		};
		00A32B811F789A7C00ED4B7C /* Debug */ = {
			isa = XCBuildConfiguration;
			buildSettings = {
				ASSETCATALOG_COMPILER_APPICON_NAME = AppIcon;
				CODE_SIGN_STYLE = Manual;
				DEVELOPMENT_TEAM = "";
				FRAMEWORK_SEARCH_PATHS = (
					"$(inherited)",
					"$(PROJECT_DIR)/FCShareManager/UMSocial/SocialLibraries/QQ/QQSDK",
					"$(PROJECT_DIR)/FCShareManager/UMSocial/UMSocialSDK",
					"$(PROJECT_DIR)/FCShareManager/UMSocial/UMSocialUI",
					"$(PROJECT_DIR)/FCShareManager/UMeng/share_ios_6.9.3/UMSocialUI",
					"$(PROJECT_DIR)/FCShareManager/UMeng/share_ios_6.9.3",
					"$(PROJECT_DIR)/FCShareManager/UMeng/share_ios_6.9.3/SocialLibraries/QQ/QQSDK",
					"$(PROJECT_DIR)/FCShareManager/UMeng",
				);
				INFOPLIST_FILE = FCShareManager/Info.plist;
				LD_RUNPATH_SEARCH_PATHS = "$(inherited) @executable_path/Frameworks";
				LIBRARY_SEARCH_PATHS = (
					"$(inherited)",
					"$(PROJECT_DIR)/FCShareManager/UMSocial/SocialLibraries/QQ",
					"$(PROJECT_DIR)/FCShareManager/UMSocial/SocialLibraries/Sina",
					"$(PROJECT_DIR)/FCShareManager/UMSocial/SocialLibraries/Sina/SinaSDK",
					"$(PROJECT_DIR)/FCShareManager/UMSocial/SocialLibraries/WeChat",
					"$(PROJECT_DIR)/FCShareManager/UMSocial/SocialLibraries/WeChat/WechatSDK",
					"$(PROJECT_DIR)/FCShareManager/UMSocial/UMSocialSDKPlugin",
					"$(PROJECT_DIR)/FCShareManager/UMeng/share_ios_6.9.3/SocialLibraries/WeChat",
					"$(PROJECT_DIR)/FCShareManager/UMeng/share_ios_6.9.3/SocialLibraries/WeChat/WechatSDK",
					"$(PROJECT_DIR)/FCShareManager/UMeng/share_ios_6.9.3/SocialLibraries/Sina",
					"$(PROJECT_DIR)/FCShareManager/UMeng/share_ios_6.9.3/SocialLibraries/Sina/SinaSDK",
					"$(PROJECT_DIR)/FCShareManager/UMeng/share_ios_6.9.3/SocialLibraries/QQ",
				);
				OTHER_LDFLAGS = "-ObjC";
				PRODUCT_BUNDLE_IDENTIFIER = fanchuan.FCShareManager;
				PRODUCT_NAME = "$(TARGET_NAME)";
				PROVISIONING_PROFILE_SPECIFIER = "";
				TARGETED_DEVICE_FAMILY = "1,2";
			};
			name = Debug;
		};
		00A32B821F789A7C00ED4B7C /* Release */ = {
			isa = XCBuildConfiguration;
			buildSettings = {
				ASSETCATALOG_COMPILER_APPICON_NAME = AppIcon;
				CODE_SIGN_STYLE = Manual;
				DEVELOPMENT_TEAM = "";
				FRAMEWORK_SEARCH_PATHS = (
					"$(inherited)",
					"$(PROJECT_DIR)/FCShareManager/UMSocial/SocialLibraries/QQ/QQSDK",
					"$(PROJECT_DIR)/FCShareManager/UMSocial/UMSocialSDK",
					"$(PROJECT_DIR)/FCShareManager/UMSocial/UMSocialUI",
					"$(PROJECT_DIR)/FCShareManager/UMeng/share_ios_6.9.3/UMSocialUI",
					"$(PROJECT_DIR)/FCShareManager/UMeng/share_ios_6.9.3",
					"$(PROJECT_DIR)/FCShareManager/UMeng/share_ios_6.9.3/SocialLibraries/QQ/QQSDK",
					"$(PROJECT_DIR)/FCShareManager/UMeng",
				);
				INFOPLIST_FILE = FCShareManager/Info.plist;
				LD_RUNPATH_SEARCH_PATHS = "$(inherited) @executable_path/Frameworks";
				LIBRARY_SEARCH_PATHS = (
					"$(inherited)",
					"$(PROJECT_DIR)/FCShareManager/UMSocial/SocialLibraries/QQ",
					"$(PROJECT_DIR)/FCShareManager/UMSocial/SocialLibraries/Sina",
					"$(PROJECT_DIR)/FCShareManager/UMSocial/SocialLibraries/Sina/SinaSDK",
					"$(PROJECT_DIR)/FCShareManager/UMSocial/SocialLibraries/WeChat",
					"$(PROJECT_DIR)/FCShareManager/UMSocial/SocialLibraries/WeChat/WechatSDK",
					"$(PROJECT_DIR)/FCShareManager/UMSocial/UMSocialSDKPlugin",
					"$(PROJECT_DIR)/FCShareManager/UMeng/share_ios_6.9.3/SocialLibraries/WeChat",
					"$(PROJECT_DIR)/FCShareManager/UMeng/share_ios_6.9.3/SocialLibraries/WeChat/WechatSDK",
					"$(PROJECT_DIR)/FCShareManager/UMeng/share_ios_6.9.3/SocialLibraries/Sina",
					"$(PROJECT_DIR)/FCShareManager/UMeng/share_ios_6.9.3/SocialLibraries/Sina/SinaSDK",
					"$(PROJECT_DIR)/FCShareManager/UMeng/share_ios_6.9.3/SocialLibraries/QQ",
				);
				OTHER_LDFLAGS = "-ObjC";
				PRODUCT_BUNDLE_IDENTIFIER = fanchuan.FCShareManager;
				PRODUCT_NAME = "$(TARGET_NAME)";
				PROVISIONING_PROFILE_SPECIFIER = "";
				TARGETED_DEVICE_FAMILY = "1,2";
			};
			name = Release;
		};
/* End XCBuildConfiguration section */

/* Begin XCConfigurationList section */
		00A32B651F789A7C00ED4B7C /* Build configuration list for PBXProject "FCShareManager" */ = {
			isa = XCConfigurationList;
			buildConfigurations = (
				00A32B7E1F789A7C00ED4B7C /* Debug */,
				00A32B7F1F789A7C00ED4B7C /* Release */,
			);
			defaultConfigurationIsVisible = 0;
			defaultConfigurationName = Release;
		};
		00A32B801F789A7C00ED4B7C /* Build configuration list for PBXNativeTarget "FCShareManager" */ = {
			isa = XCConfigurationList;
			buildConfigurations = (
				00A32B811F789A7C00ED4B7C /* Debug */,
				00A32B821F789A7C00ED4B7C /* Release */,
			);
			defaultConfigurationIsVisible = 0;
			defaultConfigurationName = Release;
		};
/* End XCConfigurationList section */
	};
	rootObject = 00A32B621F789A7C00ED4B7C /* Project object */;
}
